
Microsoft Visual Studio Solution File, Format Version 12.00
# Visual Studio Version 17
VisualStudioVersion = 17.3.32922.545
MinimumVisualStudioVersion = 10.0.40219.1
Project("{FAE04EC0-301F-11D3-BF4B-00C04F79EFBC}") = "MVCDemo", "Tutorial By TimCorey\MVCDemo.csproj", "{369F31F7-B013-4D6E-9D8D-3E6E0D01B13A}"
EndProject
Global
	GlobalSection(SolutionConfigurationPlatforms) = preSolution
		Debug|Any CPU = Debug|Any CPU
		Release|Any CPU = Release|Any CPU
	EndGlobalSection
	GlobalSection(ProjectConfigurationPlatforms) = postSolution
		{369F31F7-B013-4D6E-9D8D-3E6E0D01B13A}.Debug|Any CPU.ActiveCfg = Debug|Any CPU
		{369F31F7-B013-4D6E-9D8D-3E6E0D01B13A}.Debug|Any CPU.Build.0 = Debug|Any CPU
		{369F31F7-B013-4D6E-9D8D-3E6E0D01B13A}.Release|Any CPU.ActiveCfg = Release|Any CPU
		{369F31F7-B013-4D6E-9D8D-3E6E0D01B13A}.Release|Any CPU.Build.0 = Release|Any CPU
	EndGlobalSection
	GlobalSection(SolutionProperties) = preSolution
		HideSolutionNode = FALSE
	EndGlobalSection
	GlobalSection(ExtensibilityGlobals) = postSolution
		SolutionGuid = {F94ECFC0-8478-4020-BF45-8786A8F2CEB3}
	EndGlobalSection
EndGlobal
