
Microsoft Visual Studio Solution File, Format Version 12.00
# Visual Studio Version 17
VisualStudioVersion = 17.3.32922.545
MinimumVisualStudioVersion = 10.0.40219.1
Project("{FAE04EC0-301F-11D3-BF4B-00C04F79EFBC}") = "ASP.NET Test Web", "Test App\ASP.NET Test Web.csproj", "{CE6E1AD5-D075-48D7-93F2-F39A86D07365}"
EndProject
Global
	GlobalSection(SolutionConfigurationPlatforms) = preSolution
		Debug|Any CPU = Debug|Any CPU
		Release|Any CPU = Release|Any CPU
	EndGlobalSection
	GlobalSection(ProjectConfigurationPlatforms) = postSolution
		{CE6E1AD5-D075-48D7-93F2-F39A86D07365}.Debug|Any CPU.ActiveCfg = Debug|Any CPU
		{CE6E1AD5-D075-48D7-93F2-F39A86D07365}.Debug|Any CPU.Build.0 = Debug|Any CPU
		{CE6E1AD5-D075-48D7-93F2-F39A86D07365}.Release|Any CPU.ActiveCfg = Release|Any CPU
		{CE6E1AD5-D075-48D7-93F2-F39A86D07365}.Release|Any CPU.Build.0 = Release|Any CPU
	EndGlobalSection
	GlobalSection(SolutionProperties) = preSolution
		HideSolutionNode = FALSE
	EndGlobalSection
	GlobalSection(ExtensibilityGlobals) = postSolution
		SolutionGuid = {5A76FE30-D453-422A-982E-592C74F04287}
	EndGlobalSection
EndGlobal
